<Solution>
  <Folder Name="/src/" />
  <Folder Name="/src/Core/">
    <Project Path="OnlineStore.Application/OnlineStore.Application.csproj" />
    <Project Path="OnlineStore.Domain/OnlineStore.Domain.csproj" />
  </Folder>
  <Folder Name="/src/Infrastructure/">
    <Project Path="OnlineStore.Infrastructure/OnlineStore.Infrastructure.csproj" />
  </Folder>
  <Folder Name="/src/Presentation/">
    <Project Path="OnlineStore.WebApi/OnlineStore.WebApi.csproj" Id="77a3ef14-fac3-4052-a3fb-db1be0f53e71" />
  </Folder>
</Solution>
